
Microsoft Visual Studio Solution File, Format Version 12.00
# Visual Studio 15
VisualStudioVersion = 15.0.26730.16
MinimumVisualStudioVersion = 10.0.40219.1
Project("{FAE04EC0-301F-11D3-BF4B-00C04F79EFBC}") = "Spike", "Spike\Spike.csproj", "{D8373C16-43FA-42C5-97B5-34E106B4A899}"
EndProject
Global
	GlobalSection(SolutionConfigurationPlatforms) = preSolution
		Debug|Any CPU = Debug|Any CPU
		Release|Any CPU = Release|Any CPU
	EndGlobalSection
	GlobalSection(ProjectConfigurationPlatforms) = postSolution
		{D8373C16-43FA-42C5-97B5-34E106B4A899}.Debug|Any CPU.ActiveCfg = Debug|Any CPU
		{D8373C16-43FA-42C5-97B5-34E106B4A899}.Debug|Any CPU.Build.0 = Debug|Any CPU
		{D8373C16-43FA-42C5-97B5-34E106B4A899}.Release|Any CPU.ActiveCfg = Release|Any CPU
		{D8373C16-43FA-42C5-97B5-34E106B4A899}.Release|Any CPU.Build.0 = Release|Any CPU
	EndGlobalSection
	GlobalSection(SolutionProperties) = preSolution
		HideSolutionNode = FALSE
	EndGlobalSection
	GlobalSection(ExtensibilityGlobals) = postSolution
		SolutionGuid = {D53024EB-3E31-4C3F-8D0B-7EE871144239}
	EndGlobalSection
EndGlobal
